// !$*UTF8*$!
{
	archiveVersion = 1;
	classes = {
	};
	objectVersion = 51;
	objects = {

/* Begin PBXBuildFile section */
		AA2EDDF125397C6200D18524 /* Toaster.swift in Sources */ = {isa = PBXBuildFile; fileRef = AA2EDDF025397C6200D18524 /* Toaster.swift */; };
		AA474BDF255E647500359F73 /* 那英 - 雾里看花.mp3 in Resources */ = {isa = PBXBuildFile; fileRef = AA474BDA255E647500359F73 /* 那英 - 雾里看花.mp3 */; };
		AA474BE0255E647500359F73 /* 那英 - 默.mp3 in Resources */ = {isa = PBXBuildFile; fileRef = AA474BDB255E647500359F73 /* 那英 - 默.mp3 */; };
		AA474BE1255E647500359F73 /* 汪峰 - 旅途.mp3 in Resources */ = {isa = PBXBuildFile; fileRef = AA474BDC255E647500359F73 /* 汪峰 - 旅途.mp3 */; };
		AA474BE2255E647500359F73 /* 汪峰 - 沧浪之歌.mp3 in Resources */ = {isa = PBXBuildFile; fileRef = AA474BDD255E647500359F73 /* 汪峰 - 沧浪之歌.mp3 */; };
		AA474BE3255E647500359F73 /* 汪峰 - 像个孩子.mp3 in Resources */ = {isa = PBXBuildFile; fileRef = AA474BDE255E647500359F73 /* 汪峰 - 像个孩子.mp3 */; };
		AA474BE5255E64B800359F73 /* MusicPlayer.swift in Sources */ = {isa = PBXBuildFile; fileRef = AA474BE4255E64B800359F73 /* MusicPlayer.swift */; };
		AA474BE7255E674C00359F73 /* SongsTable.swift in Sources */ = {isa = PBXBuildFile; fileRef = AA474BE6255E674C00359F73 /* SongsTable.swift */; };
		AA474BE9255E679500359F73 /* SongInfoCell.swift in Sources */ = {isa = PBXBuildFile; fileRef = AA474BE8255E679500359F73 /* SongInfoCell.swift */; };
		AA474BEB255E84C700359F73 /* UIView+Helper.swift in Sources */ = {isa = PBXBuildFile; fileRef = AA474BEA255E84C700359F73 /* UIView+Helper.swift */; };
		AA4F68D2255A9B36005E6495 /* PlayingController.swift in Sources */ = {isa = PBXBuildFile; fileRef = AA4F68D1255A9B36005E6495 /* PlayingController.swift */; };
		AA4F68D4255AAB63005E6495 /* PlayControllingCardAssist.swift in Sources */ = {isa = PBXBuildFile; fileRef = AA4F68D3255AAB63005E6495 /* PlayControllingCardAssist.swift */; };
		AA4F68DE255BDAE3005E6495 /* Song.swift in Sources */ = {isa = PBXBuildFile; fileRef = AA4F68DD255BDAE3005E6495 /* Song.swift */; };
		AA4F68E0255BDE8D005E6495 /* SongsManager.swift in Sources */ = {isa = PBXBuildFile; fileRef = AA4F68DF255BDE8D005E6495 /* SongsManager.swift */; };
		AA4F68E2255D46D6005E6495 /* ButtonRespondingExpander.swift in Sources */ = {isa = PBXBuildFile; fileRef = AA4F68E1255D46D6005E6495 /* ButtonRespondingExpander.swift */; };
		AA56E2012534363D00EA50C3 /* AppDelegate.swift in Sources */ = {isa = PBXBuildFile; fileRef = AA56E2002534363D00EA50C3 /* AppDelegate.swift */; };
		AA56E2052534363D00EA50C3 /* ViewController.swift in Sources */ = {isa = PBXBuildFile; fileRef = AA56E2042534363D00EA50C3 /* ViewController.swift */; };
		AA56E20A2534363F00EA50C3 /* Assets.xcassets in Resources */ = {isa = PBXBuildFile; fileRef = AA56E2092534363F00EA50C3 /* Assets.xcassets */; };
		AA56E20D2534363F00EA50C3 /* LaunchScreen.storyboard in Resources */ = {isa = PBXBuildFile; fileRef = AA56E20B2534363F00EA50C3 /* LaunchScreen.storyboard */; };
		AA56E22B2534480400EA50C3 /* R.generated.swift in Sources */ = {isa = PBXBuildFile; fileRef = AA56E22A2534480400EA50C3 /* R.generated.swift */; };
		AA56E2782535AF3900EA50C3 /* UploadController.swift in Sources */ = {isa = PBXBuildFile; fileRef = AA56E2772535AF3900EA50C3 /* UploadController.swift */; };
		AA56E2B32536E30400EA50C3 /* Common.swift in Sources */ = {isa = PBXBuildFile; fileRef = AA56E2B22536E30400EA50C3 /* Common.swift */; };
		AA56E2B62536F10700EA50C3 /* TitleBar.swift in Sources */ = {isa = PBXBuildFile; fileRef = AA56E2B52536F10700EA50C3 /* TitleBar.swift */; };
		AA72A5E725416E9400B1A731 /* PubHeaders.swift in Sources */ = {isa = PBXBuildFile; fileRef = AA72A5E625416E9400B1A731 /* PubHeaders.swift */; };
		AA72A5E9254180D000B1A731 /* FrameHandy.swift in Sources */ = {isa = PBXBuildFile; fileRef = AA72A5E8254180D000B1A731 /* FrameHandy.swift */; };
		AAC3272F253E78AB00DF4030 /* Uploader.swift in Sources */ = {isa = PBXBuildFile; fileRef = AAC3272E253E78AB00DF4030 /* Uploader.swift */; };
		AAC3274825404A7000DF4030 /* PlayControllingCard.swift in Sources */ = {isa = PBXBuildFile; fileRef = AAC3274725404A6F00DF4030 /* PlayControllingCard.swift */; };
		BCFF9EC6512F4B880103B042 /* Pods_Musicer.framework in Frameworks */ = {isa = PBXBuildFile; fileRef = 65A56B6967E3363E13A9BC6D /* Pods_Musicer.framework */; };
/* End PBXBuildFile section */

/* Begin PBXFileReference section */
		0115F530A1B8B11897DB095A /* Pods-Musicer.release.xcconfig */ = {isa = PBXFileReference; includeInIndex = 1; lastKnownFileType = text.xcconfig; name = "Pods-Musicer.release.xcconfig"; path = "Target Support Files/Pods-Musicer/Pods-Musicer.release.xcconfig"; sourceTree = "<group>"; };
		65A56B6967E3363E13A9BC6D /* Pods_Musicer.framework */ = {isa = PBXFileReference; explicitFileType = wrapper.framework; includeInIndex = 0; path = Pods_Musicer.framework; sourceTree = BUILT_PRODUCTS_DIR; };
		AA2EDDF025397C6200D18524 /* Toaster.swift */ = {isa = PBXFileReference; lastKnownFileType = sourcecode.swift; path = Toaster.swift; sourceTree = "<group>"; };
		AA474BDA255E647500359F73 /* 那英 - 雾里看花.mp3 */ = {isa = PBXFileReference; lastKnownFileType = audio.mp3; path = "那英 - 雾里看花.mp3"; sourceTree = "<group>"; };
		AA474BDB255E647500359F73 /* 那英 - 默.mp3 */ = {isa = PBXFileReference; lastKnownFileType = audio.mp3; path = "那英 - 默.mp3"; sourceTree = "<group>"; };
		AA474BDC255E647500359F73 /* 汪峰 - 旅途.mp3 */ = {isa = PBXFileReference; lastKnownFileType = audio.mp3; path = "汪峰 - 旅途.mp3"; sourceTree = "<group>"; };
		AA474BDD255E647500359F73 /* 汪峰 - 沧浪之歌.mp3 */ = {isa = PBXFileReference; lastKnownFileType = audio.mp3; path = "汪峰 - 沧浪之歌.mp3"; sourceTree = "<group>"; };
		AA474BDE255E647500359F73 /* 汪峰 - 像个孩子.mp3 */ = {isa = PBXFileReference; lastKnownFileType = audio.mp3; path = "汪峰 - 像个孩子.mp3"; sourceTree = "<group>"; };
		AA474BE4255E64B800359F73 /* MusicPlayer.swift */ = {isa = PBXFileReference; lastKnownFileType = sourcecode.swift; path = MusicPlayer.swift; sourceTree = "<group>"; };
		AA474BE6255E674C00359F73 /* SongsTable.swift */ = {isa = PBXFileReference; lastKnownFileType = sourcecode.swift; path = SongsTable.swift; sourceTree = "<group>"; };
		AA474BE8255E679500359F73 /* SongInfoCell.swift */ = {isa = PBXFileReference; lastKnownFileType = sourcecode.swift; path = SongInfoCell.swift; sourceTree = "<group>"; };
		AA474BEA255E84C700359F73 /* UIView+Helper.swift */ = {isa = PBXFileReference; lastKnownFileType = sourcecode.swift; path = "UIView+Helper.swift"; sourceTree = "<group>"; };
		AA4F68D1255A9B36005E6495 /* PlayingController.swift */ = {isa = PBXFileReference; lastKnownFileType = sourcecode.swift; path = PlayingController.swift; sourceTree = "<group>"; };
		AA4F68D3255AAB63005E6495 /* PlayControllingCardAssist.swift */ = {isa = PBXFileReference; fileEncoding = 4; lastKnownFileType = sourcecode.swift; path = PlayControllingCardAssist.swift; sourceTree = "<group>"; };
		AA4F68DD255BDAE3005E6495 /* Song.swift */ = {isa = PBXFileReference; lastKnownFileType = sourcecode.swift; path = Song.swift; sourceTree = "<group>"; };
		AA4F68DF255BDE8D005E6495 /* SongsManager.swift */ = {isa = PBXFileReference; lastKnownFileType = sourcecode.swift; path = SongsManager.swift; sourceTree = "<group>"; };
		AA4F68E1255D46D6005E6495 /* ButtonRespondingExpander.swift */ = {isa = PBXFileReference; lastKnownFileType = sourcecode.swift; path = ButtonRespondingExpander.swift; sourceTree = "<group>"; };
		AA56E1FD2534363D00EA50C3 /* Musicer.app */ = {isa = PBXFileReference; explicitFileType = wrapper.application; includeInIndex = 0; path = Musicer.app; sourceTree = BUILT_PRODUCTS_DIR; };
		AA56E2002534363D00EA50C3 /* AppDelegate.swift */ = {isa = PBXFileReference; lastKnownFileType = sourcecode.swift; path = AppDelegate.swift; sourceTree = "<group>"; };
		AA56E2042534363D00EA50C3 /* ViewController.swift */ = {isa = PBXFileReference; lastKnownFileType = sourcecode.swift; path = ViewController.swift; sourceTree = "<group>"; };
		AA56E2092534363F00EA50C3 /* Assets.xcassets */ = {isa = PBXFileReference; lastKnownFileType = folder.assetcatalog; path = Assets.xcassets; sourceTree = "<group>"; };
		AA56E20C2534363F00EA50C3 /* Base */ = {isa = PBXFileReference; lastKnownFileType = file.storyboard; name = Base; path = Base.lproj/LaunchScreen.storyboard; sourceTree = "<group>"; };
		AA56E20E2534363F00EA50C3 /* Info.plist */ = {isa = PBXFileReference; lastKnownFileType = text.plist.xml; path = Info.plist; sourceTree = "<group>"; };
		AA56E22A2534480400EA50C3 /* R.generated.swift */ = {isa = PBXFileReference; fileEncoding = 4; lastKnownFileType = sourcecode.swift; path = R.generated.swift; sourceTree = SOURCE_ROOT; };
		AA56E2772535AF3900EA50C3 /* UploadController.swift */ = {isa = PBXFileReference; lastKnownFileType = sourcecode.swift; path = UploadController.swift; sourceTree = "<group>"; };
		AA56E2B22536E30400EA50C3 /* Common.swift */ = {isa = PBXFileReference; lastKnownFileType = sourcecode.swift; path = Common.swift; sourceTree = "<group>"; };
		AA56E2B52536F10700EA50C3 /* TitleBar.swift */ = {isa = PBXFileReference; lastKnownFileType = sourcecode.swift; path = TitleBar.swift; sourceTree = "<group>"; };
		AA72A5E625416E9400B1A731 /* PubHeaders.swift */ = {isa = PBXFileReference; lastKnownFileType = sourcecode.swift; path = PubHeaders.swift; sourceTree = "<group>"; };
		AA72A5E8254180D000B1A731 /* FrameHandy.swift */ = {isa = PBXFileReference; lastKnownFileType = sourcecode.swift; path = FrameHandy.swift; sourceTree = "<group>"; };
		AAC3272E253E78AB00DF4030 /* Uploader.swift */ = {isa = PBXFileReference; lastKnownFileType = sourcecode.swift; path = Uploader.swift; sourceTree = "<group>"; };
		AAC3274725404A6F00DF4030 /* PlayControllingCard.swift */ = {isa = PBXFileReference; lastKnownFileType = sourcecode.swift; path = PlayControllingCard.swift; sourceTree = "<group>"; };
		B175C3B0C20768A00F7AE69C /* Pods-Musicer.debug.xcconfig */ = {isa = PBXFileReference; includeInIndex = 1; lastKnownFileType = text.xcconfig; name = "Pods-Musicer.debug.xcconfig"; path = "Target Support Files/Pods-Musicer/Pods-Musicer.debug.xcconfig"; sourceTree = "<group>"; };
/* End PBXFileReference section */

/* Begin PBXFrameworksBuildPhase section */
		AA56E1FA2534363D00EA50C3 /* Frameworks */ = {
			isa = PBXFrameworksBuildPhase;
			buildActionMask = 2147483647;
			files = (
				BCFF9EC6512F4B880103B042 /* Pods_Musicer.framework in Frameworks */,
			);
			runOnlyForDeploymentPostprocessing = 0;
		};
/* End PBXFrameworksBuildPhase section */

/* Begin PBXGroup section */
		8EF681EA83540A5C8E1D9F32 /* Frameworks */ = {
			isa = PBXGroup;
			children = (
				65A56B6967E3363E13A9BC6D /* Pods_Musicer.framework */,
			);
			name = Frameworks;
			sourceTree = "<group>";
		};
		AA474BD9255E647500359F73 /* music */ = {
			isa = PBXGroup;
			children = (
				AA474BDA255E647500359F73 /* 那英 - 雾里看花.mp3 */,
				AA474BDB255E647500359F73 /* 那英 - 默.mp3 */,
				AA474BDC255E647500359F73 /* 汪峰 - 旅途.mp3 */,
				AA474BDD255E647500359F73 /* 汪峰 - 沧浪之歌.mp3 */,
				AA474BDE255E647500359F73 /* 汪峰 - 像个孩子.mp3 */,
			);
			path = music;
			sourceTree = "<group>";
		};
		AA474BEC255E974E00359F73 /* songs */ = {
			isa = PBXGroup;
			children = (
				AA4F68DD255BDAE3005E6495 /* Song.swift */,
				AA4F68DF255BDE8D005E6495 /* SongsManager.swift */,
				AA474BE6255E674C00359F73 /* SongsTable.swift */,
				AA474BE8255E679500359F73 /* SongInfoCell.swift */,
			);
			path = songs;
			sourceTree = "<group>";
		};
		AA4F68D5255B7938005E6495 /* common */ = {
			isa = PBXGroup;
			children = (
				AA56E2B52536F10700EA50C3 /* TitleBar.swift */,
				AA2EDDF025397C6200D18524 /* Toaster.swift */,
				AA4F68E1255D46D6005E6495 /* ButtonRespondingExpander.swift */,
				AA474BEA255E84C700359F73 /* UIView+Helper.swift */,
				AA72A5E8254180D000B1A731 /* FrameHandy.swift */,
				AA56E2B22536E30400EA50C3 /* Common.swift */,
				AA72A5E625416E9400B1A731 /* PubHeaders.swift */,
			);
			path = common;
			sourceTree = "<group>";
		};
		AA4F68D6255B7951005E6495 /* uploader */ = {
			isa = PBXGroup;
			children = (
				AA56E2772535AF3900EA50C3 /* UploadController.swift */,
				AAC3272E253E78AB00DF4030 /* Uploader.swift */,
			);
			path = uploader;
			sourceTree = "<group>";
		};
		AA4F68D7255B7971005E6495 /* playControllingCard */ = {
			isa = PBXGroup;
			children = (
				AAC3274725404A6F00DF4030 /* PlayControllingCard.swift */,
				AA4F68D3255AAB63005E6495 /* PlayControllingCardAssist.swift */,
			);
			path = playControllingCard;
			sourceTree = "<group>";
		};
		AA4F68D8255B798B005E6495 /* playing */ = {
			isa = PBXGroup;
			children = (
				AA4F68D1255A9B36005E6495 /* PlayingController.swift */,
				AA474BE4255E64B800359F73 /* MusicPlayer.swift */,
			);
			path = playing;
			sourceTree = "<group>";
		};
		AA56E1F42534363D00EA50C3 = {
			isa = PBXGroup;
			children = (
				AA56E1FF2534363D00EA50C3 /* Musicer */,
				AA56E229253447DE00EA50C3 /* SupportFile */,
				AA56E1FE2534363D00EA50C3 /* Products */,
				D51C59852008CB88813B8776 /* Pods */,
				8EF681EA83540A5C8E1D9F32 /* Frameworks */,
			);
			sourceTree = "<group>";
		};
		AA56E1FE2534363D00EA50C3 /* Products */ = {
			isa = PBXGroup;
			children = (
				AA56E1FD2534363D00EA50C3 /* Musicer.app */,
			);
			name = Products;
			sourceTree = "<group>";
		};
		AA56E1FF2534363D00EA50C3 /* Musicer */ = {
			isa = PBXGroup;
			children = (
				AA56E2002534363D00EA50C3 /* AppDelegate.swift */,
				AA56E2042534363D00EA50C3 /* ViewController.swift */,
				AA474BEC255E974E00359F73 /* songs */,
				AA4F68D8255B798B005E6495 /* playing */,
				AA4F68D6255B7951005E6495 /* uploader */,
				AA4F68D5255B7938005E6495 /* common */,
				AA4F68D7255B7971005E6495 /* playControllingCard */,
				AA56E20E2534363F00EA50C3 /* Info.plist */,
				AA56E2092534363F00EA50C3 /* Assets.xcassets */,
				AA56E20B2534363F00EA50C3 /* LaunchScreen.storyboard */,
			);
			path = Musicer;
			sourceTree = "<group>";
		};
		AA56E229253447DE00EA50C3 /* SupportFile */ = {
			isa = PBXGroup;
			children = (
				AA56E22A2534480400EA50C3 /* R.generated.swift */,
				AA474BD9255E647500359F73 /* music */,
			);
			path = SupportFile;
			sourceTree = "<group>";
		};
		D51C59852008CB88813B8776 /* Pods */ = {
			isa = PBXGroup;
			children = (
				B175C3B0C20768A00F7AE69C /* Pods-Musicer.debug.xcconfig */,
				0115F530A1B8B11897DB095A /* Pods-Musicer.release.xcconfig */,
			);
			path = Pods;
			sourceTree = "<group>";
		};
/* End PBXGroup section */

/* Begin PBXNativeTarget section */
		AA56E1FC2534363D00EA50C3 /* Musicer */ = {
			isa = PBXNativeTarget;
			buildConfigurationList = AA56E2112534363F00EA50C3 /* Build configuration list for PBXNativeTarget "Musicer" */;
			buildPhases = (
				3A92026D0AAC896176654AF8 /* [CP] Check Pods Manifest.lock */,
				AA56E226253444C600EA50C3 /* ShellScript */,
				AA56E1F92534363D00EA50C3 /* Sources */,
				AA56E1FA2534363D00EA50C3 /* Frameworks */,
				AA56E1FB2534363D00EA50C3 /* Resources */,
				C4209BDFAA27503773A41517 /* [CP] Embed Pods Frameworks */,
			);
			buildRules = (
			);
			dependencies = (
			);
			name = Musicer;
			productName = Musicer;
			productReference = AA56E1FD2534363D00EA50C3 /* Musicer.app */;
			productType = "com.apple.product-type.application";
		};
/* End PBXNativeTarget section */

/* Begin PBXProject section */
		AA56E1F52534363D00EA50C3 /* Project object */ = {
			isa = PBXProject;
			attributes = {
				LastSwiftUpdateCheck = 1200;
				LastUpgradeCheck = 1200;
				TargetAttributes = {
					AA56E1FC2534363D00EA50C3 = {
						CreatedOnToolsVersion = 12.0.1;
						LastSwiftMigration = 1200;
					};
				};
			};
			buildConfigurationList = AA56E1F82534363D00EA50C3 /* Build configuration list for PBXProject "Musicer" */;
			compatibilityVersion = "Xcode 9.3";
			developmentRegion = en;
			hasScannedForEncodings = 0;
			knownRegions = (
				en,
				Base,
			);
			mainGroup = AA56E1F42534363D00EA50C3;
			productRefGroup = AA56E1FE2534363D00EA50C3 /* Products */;
			projectDirPath = "";
			projectRoot = "";
			targets = (
				AA56E1FC2534363D00EA50C3 /* Musicer */,
			);
		};
/* End PBXProject section */

/* Begin PBXResourcesBuildPhase section */
		AA56E1FB2534363D00EA50C3 /* Resources */ = {
			isa = PBXResourcesBuildPhase;
			buildActionMask = 2147483647;
			files = (
				AA474BDF255E647500359F73 /* 那英 - 雾里看花.mp3 in Resources */,
				AA474BE1255E647500359F73 /* 汪峰 - 旅途.mp3 in Resources */,
				AA474BE3255E647500359F73 /* 汪峰 - 像个孩子.mp3 in Resources */,
				AA474BE2255E647500359F73 /* 汪峰 - 沧浪之歌.mp3 in Resources */,
				AA474BE0255E647500359F73 /* 那英 - 默.mp3 in Resources */,
				AA56E20D2534363F00EA50C3 /* LaunchScreen.storyboard in Resources */,
				AA56E20A2534363F00EA50C3 /* Assets.xcassets in Resources */,
			);
			runOnlyForDeploymentPostprocessing = 0;
		};
/* End PBXResourcesBuildPhase section */

/* Begin PBXShellScriptBuildPhase section */
		3A92026D0AAC896176654AF8 /* [CP] Check Pods Manifest.lock */ = {
			isa = PBXShellScriptBuildPhase;
			buildActionMask = 2147483647;
			files = (
			);
			inputFileListPaths = (
			);
			inputPaths = (
				"${PODS_PODFILE_DIR_PATH}/Podfile.lock",
				"${PODS_ROOT}/Manifest.lock",
			);
			name = "[CP] Check Pods Manifest.lock";
			outputFileListPaths = (
			);
			outputPaths = (
				"$(DERIVED_FILE_DIR)/Pods-Musicer-checkManifestLockResult.txt",
			);
			runOnlyForDeploymentPostprocessing = 0;
			shellPath = /bin/sh;
			shellScript = "diff \"${PODS_PODFILE_DIR_PATH}/Podfile.lock\" \"${PODS_ROOT}/Manifest.lock\" > /dev/null\nif [ $? != 0 ] ; then\n    # print error to STDERR\n    echo \"error: The sandbox is not in sync with the Podfile.lock. Run 'pod install' or update your CocoaPods installation.\" >&2\n    exit 1\nfi\n# This output is used by Xcode 'outputs' to avoid re-running this script phase.\necho \"SUCCESS\" > \"${SCRIPT_OUTPUT_FILE_0}\"\n";
			showEnvVarsInLog = 0;
		};
		AA56E226253444C600EA50C3 /* ShellScript */ = {
			isa = PBXShellScriptBuildPhase;
			buildActionMask = 2147483647;
			files = (
			);
			inputFileListPaths = (
				"",
			);
			inputPaths = (
				"$TEMP_DIR/rswift-lastrun",
			);
			outputFileListPaths = (
			);
			outputPaths = (
				$SRCROOT/R.generated.swift,
			);
			runOnlyForDeploymentPostprocessing = 0;
			shellPath = /bin/sh;
			shellScript = "# Type a script or drag a script file from your workspace to insert its path.\n\"$PODS_ROOT/R.swift/rswift\" generate \"$SRCROOT/R.generated.swift\"\n";
		};
		C4209BDFAA27503773A41517 /* [CP] Embed Pods Frameworks */ = {
			isa = PBXShellScriptBuildPhase;
			buildActionMask = 2147483647;
			files = (
			);
			inputFileListPaths = (
				"${PODS_ROOT}/Target Support Files/Pods-Musicer/Pods-Musicer-frameworks-${CONFIGURATION}-input-files.xcfilelist",
			);
			name = "[CP] Embed Pods Frameworks";
			outputFileListPaths = (
				"${PODS_ROOT}/Target Support Files/Pods-Musicer/Pods-Musicer-frameworks-${CONFIGURATION}-output-files.xcfilelist",
			);
			runOnlyForDeploymentPostprocessing = 0;
			shellPath = /bin/sh;
			shellScript = "\"${PODS_ROOT}/Target Support Files/Pods-Musicer/Pods-Musicer-frameworks.sh\"\n";
			showEnvVarsInLog = 0;
		};
/* End PBXShellScriptBuildPhase section */

/* Begin PBXSourcesBuildPhase section */
		AA56E1F92534363D00EA50C3 /* Sources */ = {
			isa = PBXSourcesBuildPhase;
			buildActionMask = 2147483647;
			files = (
				AA4F68DE255BDAE3005E6495 /* Song.swift in Sources */,
				AA56E2052534363D00EA50C3 /* ViewController.swift in Sources */,
				AA56E2012534363D00EA50C3 /* AppDelegate.swift in Sources */,
				AA56E2782535AF3900EA50C3 /* UploadController.swift in Sources */,
				AA474BE9255E679500359F73 /* SongInfoCell.swift in Sources */,
				AA4F68E0255BDE8D005E6495 /* SongsManager.swift in Sources */,
				AA4F68E2255D46D6005E6495 /* ButtonRespondingExpander.swift in Sources */,
				AA4F68D4255AAB63005E6495 /* PlayControllingCardAssist.swift in Sources */,
				AA474BE5255E64B800359F73 /* MusicPlayer.swift in Sources */,
				AA56E2B32536E30400EA50C3 /* Common.swift in Sources */,
				AA56E22B2534480400EA50C3 /* R.generated.swift in Sources */,
				AAC3272F253E78AB00DF4030 /* Uploader.swift in Sources */,
				AA4F68D2255A9B36005E6495 /* PlayingController.swift in Sources */,
				AA72A5E725416E9400B1A731 /* PubHeaders.swift in Sources */,
				AA474BEB255E84C700359F73 /* UIView+Helper.swift in Sources */,
				AA56E2B62536F10700EA50C3 /* TitleBar.swift in Sources */,
				AA72A5E9254180D000B1A731 /* FrameHandy.swift in Sources */,
				AAC3274825404A7000DF4030 /* PlayControllingCard.swift in Sources */,
				AA2EDDF125397C6200D18524 /* Toaster.swift in Sources */,
				AA474BE7255E674C00359F73 /* SongsTable.swift in Sources */,
			);
			runOnlyForDeploymentPostprocessing = 0;
		};
/* End PBXSourcesBuildPhase section */

/* Begin PBXVariantGroup section */
		AA56E20B2534363F00EA50C3 /* LaunchScreen.storyboard */ = {
			isa = PBXVariantGroup;
			children = (
				AA56E20C2534363F00EA50C3 /* Base */,
			);
			name = LaunchScreen.storyboard;
			sourceTree = "<group>";
		};
/* End PBXVariantGroup section */

/* Begin XCBuildConfiguration section */
		AA56E20F2534363F00EA50C3 /* Debug */ = {
			isa = XCBuildConfiguration;
			buildSettings = {
				ALWAYS_SEARCH_USER_PATHS = NO;
				CLANG_ANALYZER_NONNULL = YES;
				CLANG_ANALYZER_NUMBER_OBJECT_CONVERSION = YES_AGGRESSIVE;
				CLANG_CXX_LANGUAGE_STANDARD = "gnu++14";
				CLANG_CXX_LIBRARY = "libc++";
				CLANG_ENABLE_MODULES = YES;
				CLANG_ENABLE_OBJC_ARC = YES;
				CLANG_ENABLE_OBJC_WEAK = YES;
				CLANG_WARN_BLOCK_CAPTURE_AUTORELEASING = YES;
				CLANG_WARN_BOOL_CONVERSION = YES;
				CLANG_WARN_COMMA = YES;
				CLANG_WARN_CONSTANT_CONVERSION = YES;
				CLANG_WARN_DEPRECATED_OBJC_IMPLEMENTATIONS = YES;
				CLANG_WARN_DIRECT_OBJC_ISA_USAGE = YES_ERROR;
				CLANG_WARN_DOCUMENTATION_COMMENTS = YES;
				CLANG_WARN_EMPTY_BODY = YES;
				CLANG_WARN_ENUM_CONVERSION = YES;
				CLANG_WARN_INFINITE_RECURSION = YES;
				CLANG_WARN_INT_CONVERSION = YES;
				CLANG_WARN_NON_LITERAL_NULL_CONVERSION = YES;
				CLANG_WARN_OBJC_IMPLICIT_RETAIN_SELF = YES;
				CLANG_WARN_OBJC_LITERAL_CONVERSION = YES;
				CLANG_WARN_OBJC_ROOT_CLASS = YES_ERROR;
				CLANG_WARN_QUOTED_INCLUDE_IN_FRAMEWORK_HEADER = YES;
				CLANG_WARN_RANGE_LOOP_ANALYSIS = YES;
				CLANG_WARN_STRICT_PROTOTYPES = YES;
				CLANG_WARN_SUSPICIOUS_MOVE = YES;
				CLANG_WARN_UNGUARDED_AVAILABILITY = YES_AGGRESSIVE;
				CLANG_WARN_UNREACHABLE_CODE = YES;
				CLANG_WARN__DUPLICATE_METHOD_MATCH = YES;
				COPY_PHASE_STRIP = NO;
				DEBUG_INFORMATION_FORMAT = dwarf;
				ENABLE_STRICT_OBJC_MSGSEND = YES;
				ENABLE_TESTABILITY = YES;
				GCC_C_LANGUAGE_STANDARD = gnu11;
				GCC_DYNAMIC_NO_PIC = NO;
				GCC_NO_COMMON_BLOCKS = YES;
				GCC_OPTIMIZATION_LEVEL = 0;
				GCC_PREPROCESSOR_DEFINITIONS = (
					"DEBUG=1",
					"$(inherited)",
				);
				GCC_WARN_64_TO_32_BIT_CONVERSION = YES;
				GCC_WARN_ABOUT_RETURN_TYPE = YES_ERROR;
				GCC_WARN_UNDECLARED_SELECTOR = YES;
				GCC_WARN_UNINITIALIZED_AUTOS = YES_AGGRESSIVE;
				GCC_WARN_UNUSED_FUNCTION = YES;
				GCC_WARN_UNUSED_VARIABLE = YES;
				IPHONEOS_DEPLOYMENT_TARGET = 14.0;
				MTL_ENABLE_DEBUG_INFO = INCLUDE_SOURCE;
				MTL_FAST_MATH = YES;
				ONLY_ACTIVE_ARCH = YES;
				SDKROOT = iphoneos;
				SWIFT_ACTIVE_COMPILATION_CONDITIONS = DEBUG;
				SWIFT_OPTIMIZATION_LEVEL = "-Onone";
			};
			name = Debug;
		};
		AA56E2102534363F00EA50C3 /* Release */ = {
			isa = XCBuildConfiguration;
			buildSettings = {
				ALWAYS_SEARCH_USER_PATHS = NO;
				CLANG_ANALYZER_NONNULL = YES;
				CLANG_ANALYZER_NUMBER_OBJECT_CONVERSION = YES_AGGRESSIVE;
				CLANG_CXX_LANGUAGE_STANDARD = "gnu++14";
				CLANG_CXX_LIBRARY = "libc++";
				CLANG_ENABLE_MODULES = YES;
				CLANG_ENABLE_OBJC_ARC = YES;
				CLANG_ENABLE_OBJC_WEAK = YES;
				CLANG_WARN_BLOCK_CAPTURE_AUTORELEASING = YES;
				CLANG_WARN_BOOL_CONVERSION = YES;
				CLANG_WARN_COMMA = YES;
				CLANG_WARN_CONSTANT_CONVERSION = YES;
				CLANG_WARN_DEPRECATED_OBJC_IMPLEMENTATIONS = YES;
				CLANG_WARN_DIRECT_OBJC_ISA_USAGE = YES_ERROR;
				CLANG_WARN_DOCUMENTATION_COMMENTS = YES;
				CLANG_WARN_EMPTY_BODY = YES;
				CLANG_WARN_ENUM_CONVERSION = YES;
				CLANG_WARN_INFINITE_RECURSION = YES;
				CLANG_WARN_INT_CONVERSION = YES;
				CLANG_WARN_NON_LITERAL_NULL_CONVERSION = YES;
				CLANG_WARN_OBJC_IMPLICIT_RETAIN_SELF = YES;
				CLANG_WARN_OBJC_LITERAL_CONVERSION = YES;
				CLANG_WARN_OBJC_ROOT_CLASS = YES_ERROR;
				CLANG_WARN_QUOTED_INCLUDE_IN_FRAMEWORK_HEADER = YES;
				CLANG_WARN_RANGE_LOOP_ANALYSIS = YES;
				CLANG_WARN_STRICT_PROTOTYPES = YES;
				CLANG_WARN_SUSPICIOUS_MOVE = YES;
				CLANG_WARN_UNGUARDED_AVAILABILITY = YES_AGGRESSIVE;
				CLANG_WARN_UNREACHABLE_CODE = YES;
				CLANG_WARN__DUPLICATE_METHOD_MATCH = YES;
				COPY_PHASE_STRIP = NO;
				DEBUG_INFORMATION_FORMAT = "dwarf-with-dsym";
				ENABLE_NS_ASSERTIONS = NO;
				ENABLE_STRICT_OBJC_MSGSEND = YES;
				GCC_C_LANGUAGE_STANDARD = gnu11;
				GCC_NO_COMMON_BLOCKS = YES;
				GCC_WARN_64_TO_32_BIT_CONVERSION = YES;
				GCC_WARN_ABOUT_RETURN_TYPE = YES_ERROR;
				GCC_WARN_UNDECLARED_SELECTOR = YES;
				GCC_WARN_UNINITIALIZED_AUTOS = YES_AGGRESSIVE;
				GCC_WARN_UNUSED_FUNCTION = YES;
				GCC_WARN_UNUSED_VARIABLE = YES;
				IPHONEOS_DEPLOYMENT_TARGET = 14.0;
				MTL_ENABLE_DEBUG_INFO = NO;
				MTL_FAST_MATH = YES;
				SDKROOT = iphoneos;
				SWIFT_COMPILATION_MODE = wholemodule;
				SWIFT_OPTIMIZATION_LEVEL = "-O";
				VALIDATE_PRODUCT = YES;
			};
			name = Release;
		};
		AA56E2122534363F00EA50C3 /* Debug */ = {
			isa = XCBuildConfiguration;
			baseConfigurationReference = B175C3B0C20768A00F7AE69C /* Pods-Musicer.debug.xcconfig */;
			buildSettings = {
				ASSETCATALOG_COMPILER_APPICON_NAME = AppIcon;
				ASSETCATALOG_COMPILER_GLOBAL_ACCENT_COLOR_NAME = AccentColor;
				CLANG_ENABLE_MODULES = YES;
				CODE_SIGN_STYLE = Automatic;
				DEVELOPMENT_TEAM = CU582FDWSA;
				INFOPLIST_FILE = Musicer/Info.plist;
				IPHONEOS_DEPLOYMENT_TARGET = 12.0;
				LD_RUNPATH_SEARCH_PATHS = (
					"$(inherited)",
					"@executable_path/Frameworks",
				);
				PRODUCT_BUNDLE_IDENTIFIER = com.kxmusicer.Musicer;
				PRODUCT_NAME = "$(TARGET_NAME)";
				SWIFT_OPTIMIZATION_LEVEL = "-Onone";
				SWIFT_VERSION = 5.0;
				TARGETED_DEVICE_FAMILY = 1;
			};
			name = Debug;
		};
		AA56E2132534363F00EA50C3 /* Release */ = {
			isa = XCBuildConfiguration;
			baseConfigurationReference = 0115F530A1B8B11897DB095A /* Pods-Musicer.release.xcconfig */;
			buildSettings = {
				ASSETCATALOG_COMPILER_APPICON_NAME = AppIcon;
				ASSETCATALOG_COMPILER_GLOBAL_ACCENT_COLOR_NAME = AccentColor;
				CLANG_ENABLE_MODULES = YES;
				CODE_SIGN_STYLE = Automatic;
				DEVELOPMENT_TEAM = CU582FDWSA;
				INFOPLIST_FILE = Musicer/Info.plist;
				IPHONEOS_DEPLOYMENT_TARGET = 12.0;
				LD_RUNPATH_SEARCH_PATHS = (
					"$(inherited)",
					"@executable_path/Frameworks",
				);
				PRODUCT_BUNDLE_IDENTIFIER = com.kxmusicer.Musicer;
				PRODUCT_NAME = "$(TARGET_NAME)";
				SWIFT_VERSION = 5.0;
				TARGETED_DEVICE_FAMILY = 1;
			};
			name = Release;
		};
/* End XCBuildConfiguration section */

/* Begin XCConfigurationList section */
		AA56E1F82534363D00EA50C3 /* Build configuration list for PBXProject "Musicer" */ = {
			isa = XCConfigurationList;
			buildConfigurations = (
				AA56E20F2534363F00EA50C3 /* Debug */,
				AA56E2102534363F00EA50C3 /* Release */,
			);
			defaultConfigurationIsVisible = 0;
			defaultConfigurationName = Release;
		};
		AA56E2112534363F00EA50C3 /* Build configuration list for PBXNativeTarget "Musicer" */ = {
			isa = XCConfigurationList;
			buildConfigurations = (
				AA56E2122534363F00EA50C3 /* Debug */,
				AA56E2132534363F00EA50C3 /* Release */,
			);
			defaultConfigurationIsVisible = 0;
			defaultConfigurationName = Release;
		};
/* End XCConfigurationList section */
	};
	rootObject = AA56E1F52534363D00EA50C3 /* Project object */;
}
