PODS:
  - FLEX (4.4.0)
  - GCDWebServer/Core (3.5.4)
  - GCDWebServer/WebUploader (3.5.4):
    - GCDWebServer/Core
  - R.swift (5.2.2):
    - R.swift.Library (~> 5.2.0)
  - R.swift.Library (5.2.0)
  - SnapKit (5.0.1)

DEPENDENCIES:
  - FLEX
  - GCDWebServer/WebUploader (~> 3.0)
  - R.swift
  - SnapKit (~> 5.0.1)

SPEC REPOS:
  trunk:
    - FLEX
    - GCDWebServer
    - R.swift
    - R.swift.Library
    - SnapKit

SPEC CHECKSUMS:
  FLEX: 0592c011c6dfbfdb94a5e24f2d4a9dbff0c6026d
  GCDWebServer: 2c156a56c8226e2d5c0c3f208a3621ccffbe3ce4
  R.swift: 7c52cdc57a66840ffe6cbd8a823d732059d42a32
  R.swift.Library: 5ba4f1631300caf9a4d890186930da85d540769d
  SnapKit: 97b92857e3df3a0c71833cce143274bf6ef8e5eb

PODFILE CHECKSUM: 2cefb8f7f94ec185ccfb763539278617308963b4

COCOAPODS: 1.10.1
